
Microsoft Visual Studio Solution File, Format Version 12.00
# Visual Studio Version 17
VisualStudioVersion = 17.6.33829.357
MinimumVisualStudioVersion = 10.0.40219.1
Project("{FAE04EC0-301F-11D3-BF4B-00C04F79EFBC}") = "WindowsFormsApp8", "WindowsFormsApp8\WindowsFormsApp8.csproj", "{B479BBA2-4779-4311-B29B-4A444AC71C08}"
EndProject
Global
	GlobalSection(SolutionConfigurationPlatforms) = preSolution
		Debug|Any CPU = Debug|Any CPU
		Release|Any CPU = Release|Any CPU
	EndGlobalSection
	GlobalSection(ProjectConfigurationPlatforms) = postSolution
		{B479BBA2-4779-4311-B29B-4A444AC71C08}.Debug|Any CPU.ActiveCfg = Debug|Any CPU
		{B479BBA2-4779-4311-B29B-4A444AC71C08}.Debug|Any CPU.Build.0 = Debug|Any CPU
		{B479BBA2-4779-4311-B29B-4A444AC71C08}.Release|Any CPU.ActiveCfg = Release|Any CPU
		{B479BBA2-4779-4311-B29B-4A444AC71C08}.Release|Any CPU.Build.0 = Release|Any CPU
	EndGlobalSection
	GlobalSection(SolutionProperties) = preSolution
		HideSolutionNode = FALSE
	EndGlobalSection
	GlobalSection(ExtensibilityGlobals) = postSolution
		SolutionGuid = {E3D53059-A4C7-4D0B-A6B0-66EE02106948}
	EndGlobalSection
EndGlobal
